{
  "object": {
    "pins": [
      {
        "package": "Chalk",
        "repositoryURL": "https://github.com/mxcl/Chalk.git",
        "state": {
          "branch": null,
          "revision": "9aa9f348b86db3cf6702a3e43c081ecec80cf3c7",
          "version": "0.4.0"
        }
      },
      {
        "package": "Guaka",
        "repositoryURL": "https://github.com/nsomar/Guaka.git",
        "state": {
          "branch": null,
          "revision": "6fb29b2378166a30d72120980e1c099c664598de",
          "version": "0.4.1"
        }
      },
      {
        "package": "IsTTY",
        "repositoryURL": "https://github.com/dduan/IsTTY.git",
        "state": {
          "branch": null,
          "revision": "7d4bc7788580c99d5a5295bdde96d0264b06d96e",
          "version": "0.1.0"
        }
      },
      {
        "package": "NetTime",
        "repositoryURL": "https://github.com/dduan/NetTime",
        "state": {
          "branch": null,
          "revision": "ec4ace9d37b483fa25c3ebc1c448b279eb16d85a",
          "version": "0.2.1"
        }
      },
      {
        "package": "Pathos",
        "repositoryURL": "https://github.com/dduan/Pathos.git",
        "state": {
          "branch": null,
          "revision": "8541adb66a08b879d91cd19e73750fa00d47f4b4",
          "version": "0.2.0"
        }
      },
      {
        "package": "StringScanner",
        "repositoryURL": "https://github.com/getGuaka/StringScanner.git",
        "state": {
          "branch": null,
          "revision": "de1685ad202cb586d626ed52d6de904dd34189f3",
          "version": "0.4.1"
        }
      },
      {
        "package": "SwiftSyntax",
        "repositoryURL": "https://github.com/apple/swift-syntax.git",
        "state": {
          "branch": null,
          "revision": "43aa4a19b8105a803d8149ad2a86aa53a77efef3",
          "version": "0.50000.0"
        }
      },
      {
        "package": "TOMLDecoder",
        "repositoryURL": "https://github.com/dduan/TOMLDecoder.git",
        "state": {
          "branch": null,
          "revision": "f168f0bcb7d278392020788a8c2a1cfb3799e0c5",
          "version": "0.1.4"
        }
      },
      {
        "package": "TOMLDeserializer",
        "repositoryURL": "https://github.com/dduan/TOMLDeserializer",
        "state": {
          "branch": null,
          "revision": "06673da9e2733e96cb3a37e89b53cb798dfd2594",
          "version": "0.2.3"
        }
      }
    ]
  },
  "version": 1
}
